
Microsoft Visual Studio Solution File, Format Version 12.00
# Visual Studio 14
VisualStudioVersion = 14.0.25420.1
MinimumVisualStudioVersion = 10.0.40219.1
Project("{FAE04EC0-301F-11D3-BF4B-00C04F79EFBC}") = "BiblioServiceWCF", "BiblioService\BiblioServiceWCF.csproj", "{1FE8A944-935B-47DA-A271-FD1D370D251A}"
EndProject
Project("{FAE04EC0-301F-11D3-BF4B-00C04F79EFBC}") = "BL", "..\..\ProjetLocal\Bibliotheque_SGBD2016\BL\BL.csproj", "{CF3E87A9-36D6-4FC9-B32B-0BD642B9CBA7}"
EndProject
Project("{FAE04EC0-301F-11D3-BF4B-00C04F79EFBC}") = "DALADO", "..\..\ProjetLocal\Bibliotheque_SGBD2016\DAL\DALADO.csproj", "{2B8F7405-346C-4293-B73A-B04468F4DE59}"
EndProject
Project("{FAE04EC0-301F-11D3-BF4B-00C04F79EFBC}") = "Entities", "..\..\ProjetLocal\Bibliotheque_SGBD2016\ENTITIES\Entities.csproj", "{95C0C774-BEB5-4396-B5B2-013B4651AF55}"
EndProject
Project("{FAE04EC0-301F-11D3-BF4B-00C04F79EFBC}") = "ERRORS", "..\..\ProjetLocal\Bibliotheque_SGBD2016\ERRORS\ERRORS.csproj", "{0F8EFF5A-6FCB-489B-BFBB-32B4743351F2}"
EndProject
Global
	GlobalSection(SolutionConfigurationPlatforms) = preSolution
		Debug|Any CPU = Debug|Any CPU
		Release|Any CPU = Release|Any CPU
	EndGlobalSection
	GlobalSection(ProjectConfigurationPlatforms) = postSolution
		{1FE8A944-935B-47DA-A271-FD1D370D251A}.Debug|Any CPU.ActiveCfg = Debug|Any CPU
		{1FE8A944-935B-47DA-A271-FD1D370D251A}.Debug|Any CPU.Build.0 = Debug|Any CPU
		{1FE8A944-935B-47DA-A271-FD1D370D251A}.Release|Any CPU.ActiveCfg = Release|Any CPU
		{1FE8A944-935B-47DA-A271-FD1D370D251A}.Release|Any CPU.Build.0 = Release|Any CPU
		{CF3E87A9-36D6-4FC9-B32B-0BD642B9CBA7}.Debug|Any CPU.ActiveCfg = Debug|Any CPU
		{CF3E87A9-36D6-4FC9-B32B-0BD642B9CBA7}.Debug|Any CPU.Build.0 = Debug|Any CPU
		{CF3E87A9-36D6-4FC9-B32B-0BD642B9CBA7}.Release|Any CPU.ActiveCfg = Release|Any CPU
		{CF3E87A9-36D6-4FC9-B32B-0BD642B9CBA7}.Release|Any CPU.Build.0 = Release|Any CPU
		{2B8F7405-346C-4293-B73A-B04468F4DE59}.Debug|Any CPU.ActiveCfg = Debug|Any CPU
		{2B8F7405-346C-4293-B73A-B04468F4DE59}.Debug|Any CPU.Build.0 = Debug|Any CPU
		{2B8F7405-346C-4293-B73A-B04468F4DE59}.Release|Any CPU.ActiveCfg = Release|Any CPU
		{2B8F7405-346C-4293-B73A-B04468F4DE59}.Release|Any CPU.Build.0 = Release|Any CPU
		{95C0C774-BEB5-4396-B5B2-013B4651AF55}.Debug|Any CPU.ActiveCfg = Debug|Any CPU
		{95C0C774-BEB5-4396-B5B2-013B4651AF55}.Debug|Any CPU.Build.0 = Debug|Any CPU
		{95C0C774-BEB5-4396-B5B2-013B4651AF55}.Release|Any CPU.ActiveCfg = Release|Any CPU
		{95C0C774-BEB5-4396-B5B2-013B4651AF55}.Release|Any CPU.Build.0 = Release|Any CPU
		{0F8EFF5A-6FCB-489B-BFBB-32B4743351F2}.Debug|Any CPU.ActiveCfg = Debug|Any CPU
		{0F8EFF5A-6FCB-489B-BFBB-32B4743351F2}.Debug|Any CPU.Build.0 = Debug|Any CPU
		{0F8EFF5A-6FCB-489B-BFBB-32B4743351F2}.Release|Any CPU.ActiveCfg = Release|Any CPU
		{0F8EFF5A-6FCB-489B-BFBB-32B4743351F2}.Release|Any CPU.Build.0 = Release|Any CPU
	EndGlobalSection
	GlobalSection(SolutionProperties) = preSolution
		HideSolutionNode = FALSE
	EndGlobalSection
EndGlobal
